
Microsoft Visual Studio Solution File, Format Version 12.00
# Visual Studio Version 17
VisualStudioVersion = 17.11.35208.52
MinimumVisualStudioVersion = 10.0.40219.1
Project("{FAE04EC0-301F-11D3-BF4B-00C04F79EFBC}") = "MyWebTelegram", "MyWebTelegram.csproj", "{141D0017-B4BA-4330-B954-3EB79004A807}"
EndProject
Global
	GlobalSection(SolutionConfigurationPlatforms) = preSolution
		Debug|Any CPU = Debug|Any CPU
		Release|Any CPU = Release|Any CPU
	EndGlobalSection
	GlobalSection(ProjectConfigurationPlatforms) = postSolution
		{141D0017-B4BA-4330-B954-3EB79004A807}.Debug|Any CPU.ActiveCfg = Debug|Any CPU
		{141D0017-B4BA-4330-B954-3EB79004A807}.Debug|Any CPU.Build.0 = Debug|Any CPU
		{141D0017-B4BA-4330-B954-3EB79004A807}.Release|Any CPU.ActiveCfg = Release|Any CPU
		{141D0017-B4BA-4330-B954-3EB79004A807}.Release|Any CPU.Build.0 = Release|Any CPU
	EndGlobalSection
	GlobalSection(SolutionProperties) = preSolution
		HideSolutionNode = FALSE
	EndGlobalSection
	GlobalSection(ExtensibilityGlobals) = postSolution
		SolutionGuid = {F188D6FE-3D94-43A5-A47F-29B9003B6E28}
	EndGlobalSection
EndGlobal
